{
	"name": "uml-js",
	"version": "0.2.4",
	"lockfileVersion": 2,
	"requires": true,
	"packages": {
		"": {
			"name": "uml-js",
			"version": "0.2.4",
			"license": "GPL",
			"bin": {
				"deflate-js": "bin/deflate.js",
				"inflate-js": "bin/inflate.js",
				"plantuml-js": "bin/plantuml.js"
			},
			"devDependencies": {
				"optimist": "~0.2"
			},
			"engines": {
				"node": ">= 0.4.0"
			}
		},
		"node_modules/optimist": {
			"version": "0.2.8",
			"resolved": "https://registry.npmjs.org/optimist/-/optimist-0.2.8.tgz",
			"integrity": "sha512-Wy7E3cQDpqsTIFyW7m22hSevyTLxw850ahYv7FWsw4G6MIKVTZ8NSA95KBrQ95a4SMsMr1UGUUnwEFKhVaSzIg==",
			"dev": true,
			"dependencies": {
				"wordwrap": ">=0.0.1 <0.1.0"
			},
			"engines": {
				"node": "*"
			}
		},
		"node_modules/wordwrap": {
			"version": "0.0.3",
			"resolved": "https://registry.npmjs.org/wordwrap/-/wordwrap-0.0.3.tgz",
			"integrity": "sha512-1tMA907+V4QmxV7dbRvb4/8MaRALK6q9Abid3ndMYnbyo8piisCmeONVqVSXqQA3KaP4SLt5b7ud6E2sqP8TFw==",
			"dev": true,
			"engines": {
				"node": ">=0.4.0"
			}
		}
	},
	"dependencies": {
		"optimist": {
			"version": "0.2.8",
			"resolved": "https://registry.npmjs.org/optimist/-/optimist-0.2.8.tgz",
			"integrity": "sha512-Wy7E3cQDpqsTIFyW7m22hSevyTLxw850ahYv7FWsw4G6MIKVTZ8NSA95KBrQ95a4SMsMr1UGUUnwEFKhVaSzIg==",
			"dev": true,
			"requires": {
				"wordwrap": ">=0.0.1 <0.1.0"
			}
		},
		"wordwrap": {
			"version": "0.0.3",
			"resolved": "https://registry.npmjs.org/wordwrap/-/wordwrap-0.0.3.tgz",
			"integrity": "sha512-1tMA907+V4QmxV7dbRvb4/8MaRALK6q9Abid3ndMYnbyo8piisCmeONVqVSXqQA3KaP4SLt5b7ud6E2sqP8TFw==",
			"dev": true
		}
	}
}
